#
# This file is autogenerated by pip-compile with Python 3.11
# by the following command:
#
#    pip-compile --extra=dev --output-file=requirements-dev.lock pyproject.toml
#
annotated-doc==0.0.5
    # via fastapi
annotated-types==0.8.0
    # via pydantic
anyio==4.15.1
    # via
    #   httpx
    #   starlette
ast-serialize==0.11.2
    # via mypy
build==1.6.1
    # via
    #   easop-api (pyproject.toml)
    #   pip-tools
certifi==2026.7.22
    # via
    #   httpcore
    #   httpx
click==8.5.0
    # via
    #   pip-tools
    #   uvicorn
cloudpickle==3.1.2
    # via joblib
fastapi==0.141.1
    # via easop-api (pyproject.toml)
h11==0.16.0
    # via
    #   httpcore
    #   uvicorn
httpcore==1.0.9
    # via httpx
httpx==0.28.1
    # via easop-api (pyproject.toml)
idna==3.19
    # via
    #   anyio
    #   httpx
iniconfig==2.3.0
    # via pytest
joblib==1.6.0
    # via scikit-learn
librt==0.15.0
    # via mypy
mypy==2.3.1
    # via easop-api (pyproject.toml)
mypy-extensions==1.1.0
    # via mypy
narwhals==2.26.0
    # via scikit-learn
numpy==2.4.6
    # via
    #   scikit-learn
    #   scipy
packaging==26.3
    # via
    #   build
    #   pytest
    #   wheel
pathspec==1.1.1
    # via mypy
pip-tools==7.6.1
    # via easop-api (pyproject.toml)
pluggy==1.6.0
    # via pytest
pydantic==2.13.5
    # via
    #   easop-api (pyproject.toml)
    #   fastapi
pydantic-core==2.46.5
    # via pydantic
pygments==2.21.0
    # via pytest
pyproject-hooks==1.2.0
    # via
    #   build
    #   pip-tools
pytest==9.1.1
    # via easop-api (pyproject.toml)
ruff==0.16.7
    # via easop-api (pyproject.toml)
scikit-learn==1.9.1
    # via easop-api (pyproject.toml)
scipy==1.17.1
    # via scikit-learn
starlette==1.6.0
    # via fastapi
threadpoolctl==3.7.0
    # via scikit-learn
typing-extensions==4.16.0
    # via
    #   anyio
    #   fastapi
    #   mypy
    #   pydantic
    #   pydantic-core
    #   starlette
    #   typing-inspection
typing-inspection==0.4.4
    # via
    #   fastapi
    #   pydantic
uvicorn==0.53.0
    # via easop-api (pyproject.toml)
wheel==0.48.0
    # via
    #   easop-api (pyproject.toml)
    #   pip-tools

# The following packages are considered to be unsafe in a requirements file:
# pip
# setuptools
